
Microsoft Visual Studio Solution File, Format Version 12.00
# Visual Studio Version 16
VisualStudioVersion = 16.0.32602.291
MinimumVisualStudioVersion = 10.0.40219.1
Project("{FAE04EC0-301F-11D3-BF4B-00C04F79EFBC}") = "CODEWITHMVC", "CODEWITHMVC.csproj", "{F264F2A6-04E6-4698-A25E-96E1710D1469}"
EndProject
Global
	GlobalSection(SolutionConfigurationPlatforms) = preSolution
		Debug|Any CPU = Debug|Any CPU
		Release|Any CPU = Release|Any CPU
	EndGlobalSection
	GlobalSection(ProjectConfigurationPlatforms) = postSolution
		{F264F2A6-04E6-4698-A25E-96E1710D1469}.Debug|Any CPU.ActiveCfg = Debug|Any CPU
		{F264F2A6-04E6-4698-A25E-96E1710D1469}.Debug|Any CPU.Build.0 = Debug|Any CPU
		{F264F2A6-04E6-4698-A25E-96E1710D1469}.Release|Any CPU.ActiveCfg = Release|Any CPU
		{F264F2A6-04E6-4698-A25E-96E1710D1469}.Release|Any CPU.Build.0 = Release|Any CPU
	EndGlobalSection
	GlobalSection(SolutionProperties) = preSolution
		HideSolutionNode = FALSE
	EndGlobalSection
	GlobalSection(ExtensibilityGlobals) = postSolution
		SolutionGuid = {A16D553A-71DE-4979-89C3-22E882B64B8E}
	EndGlobalSection
EndGlobal
